
Microsoft Visual Studio Solution File, Format Version 12.00
# Visual Studio Version 17
VisualStudioVersion = 17.9.34607.119
MinimumVisualStudioVersion = 10.0.40219.1
Project("{FAE04EC0-301F-11D3-BF4B-00C04F79EFBC}") = "ServiceWorker", "ServiceWorker.csproj", "{1550EDF2-A838-4AD7-956C-E6DB37679967}"
EndProject
Global
	GlobalSection(SolutionConfigurationPlatforms) = preSolution
		Debug|Any CPU = Debug|Any CPU
		Release|Any CPU = Release|Any CPU
	EndGlobalSection
	GlobalSection(ProjectConfigurationPlatforms) = postSolution
		{1550EDF2-A838-4AD7-956C-E6DB37679967}.Debug|Any CPU.ActiveCfg = Debug|Any CPU
		{1550EDF2-A838-4AD7-956C-E6DB37679967}.Debug|Any CPU.Build.0 = Debug|Any CPU
		{1550EDF2-A838-4AD7-956C-E6DB37679967}.Release|Any CPU.ActiveCfg = Release|Any CPU
		{1550EDF2-A838-4AD7-956C-E6DB37679967}.Release|Any CPU.Build.0 = Release|Any CPU
	EndGlobalSection
	GlobalSection(SolutionProperties) = preSolution
		HideSolutionNode = FALSE
	EndGlobalSection
	GlobalSection(ExtensibilityGlobals) = postSolution
		SolutionGuid = {3D946840-A644-4108-A832-1A774CD130D4}
	EndGlobalSection
EndGlobal
